{
  "name": "@bc8-odx/explorer",
  "version": "0.0.1",
  "lockfileVersion": 3,
  "requires": true,
  "packages": {
    "": {
      "name": "@bc8-odx/explorer",
      "version": "0.0.1",
      "dependencies": {
        "@nuxt/devtools-ui-kit": "^3.2.1",
        "@unocss/nuxt": "^66.0.0",
        "@vue-flow/background": "^1.3.1",
        "@vue-flow/core": "^1.41.0",
        "elkjs": "^0.9.3",
        "shiki": "^4.0.0",
        "unocss": "^66.0.0"
      },
      "devDependencies": {
        "@nuxt/ui": "^4.5.0"
      }
    },
    "../../node_modules/.pnpm/@nuxt+devtools-ui-kit@3.2.1_25bdf97aa68c98e64fa567386253b6c7/node_modules/@nuxt/devtools-ui-kit": {
      "version": "3.2.1",
      "license": "MIT",
      "dependencies": {
        "@iconify-json/carbon": "^1.2.18",
        "@iconify-json/logos": "^1.2.10",
        "@iconify-json/ri": "^1.2.10",
        "@iconify-json/tabler": "^1.2.26",
        "@nuxt/devtools-kit": "3.2.1",
        "@nuxt/kit": "^4.3.1",
        "@unocss/core": "^66.6.0",
        "@unocss/nuxt": "^66.6.0",
        "@unocss/preset-attributify": "^66.6.0",
        "@unocss/preset-icons": "^66.6.0",
        "@unocss/preset-mini": "^66.6.0",
        "@unocss/reset": "^66.6.0",
        "@vueuse/core": "^14.2.1",
        "@vueuse/integrations": "^14.2.1",
        "@vueuse/nuxt": "^14.2.1",
        "defu": "^6.1.4",
        "focus-trap": "^7.8.0",
        "splitpanes": "^4.0.4",
        "unocss": "^66.6.0",
        "v-lazy-show": "^0.3.0"
      },
      "devDependencies": {
        "@nuxt/devtools": "3.2.1",
        "nuxt": "^4.3.1"
      },
      "peerDependencies": {
        "@nuxt/devtools": "3.2.1"
      }
    },
    "../../node_modules/.pnpm/@nuxt+ui@4.5.0_@nuxt+conten_e284d2a8ae905811b6f6a98cf6778274/node_modules/@nuxt/ui": {
      "version": "4.5.0",
      "dev": true,
      "license": "MIT",
      "dependencies": {
        "@floating-ui/dom": "^1.7.5",
        "@iconify/vue": "^5.0.0",
        "@internationalized/date": "^3.11.0",
        "@internationalized/number": "^3.6.5",
        "@nuxt/fonts": "^0.14.0",
        "@nuxt/icon": "^2.2.1",
        "@nuxt/kit": "^4.3.1",
        "@nuxt/schema": "^4.3.1",
        "@nuxtjs/color-mode": "^3.5.2",
        "@standard-schema/spec": "^1.1.0",
        "@tailwindcss/postcss": "^4.2.1",
        "@tailwindcss/vite": "^4.2.1",
        "@tanstack/vue-table": "^8.21.3",
        "@tanstack/vue-virtual": "^3.13.18",
        "@tiptap/core": "^3.20.0",
        "@tiptap/extension-bubble-menu": "^3.20.0",
        "@tiptap/extension-code": "^3.20.0",
        "@tiptap/extension-collaboration": "^3.20.0",
        "@tiptap/extension-drag-handle": "^3.20.0",
        "@tiptap/extension-drag-handle-vue-3": "^3.20.0",
        "@tiptap/extension-floating-menu": "^3.20.0",
        "@tiptap/extension-horizontal-rule": "^3.20.0",
        "@tiptap/extension-image": "^3.20.0",
        "@tiptap/extension-mention": "^3.20.0",
        "@tiptap/extension-node-range": "^3.20.0",
        "@tiptap/extension-placeholder": "^3.20.0",
        "@tiptap/markdown": "^3.20.0",
        "@tiptap/pm": "^3.20.0",
        "@tiptap/starter-kit": "^3.20.0",
        "@tiptap/suggestion": "^3.20.0",
        "@tiptap/vue-3": "^3.20.0",
        "@unhead/vue": "^2.1.4",
        "@vueuse/core": "^14.2.1",
        "@vueuse/integrations": "^14.2.1",
        "@vueuse/shared": "^14.2.1",
        "colortranslator": "^5.0.0",
        "consola": "^3.4.2",
        "defu": "^6.1.4",
        "embla-carousel-auto-height": "^8.6.0",
        "embla-carousel-auto-scroll": "^8.6.0",
        "embla-carousel-autoplay": "^8.6.0",
        "embla-carousel-class-names": "^8.6.0",
        "embla-carousel-fade": "^8.6.0",
        "embla-carousel-vue": "^8.6.0",
        "embla-carousel-wheel-gestures": "^8.1.0",
        "fuse.js": "^7.1.0",
        "hookable": "^5.5.3",
        "knitwork": "^1.3.0",
        "magic-string": "^0.30.21",
        "mlly": "^1.8.0",
        "motion-v": "^1.10.3",
        "ohash": "^2.0.11",
        "pathe": "^2.0.3",
        "reka-ui": "2.8.2",
        "scule": "^1.3.0",
        "tailwind-merge": "^3.5.0",
        "tailwind-variants": "^3.2.2",
        "tailwindcss": "^4.2.1",
        "tinyglobby": "^0.2.15",
        "ufo": "^1.6.3",
        "unplugin": "^3.0.0",
        "unplugin-auto-import": "^21.0.0",
        "unplugin-vue-components": "^31.0.0",
        "vaul-vue": "0.4.1",
        "vue-component-type-helpers": "^3.2.5"
      },
      "bin": {
        "nuxt-ui": "cli/index.mjs"
      },
      "devDependencies": {
        "@nuxt/eslint-config": "^1.15.1",
        "@nuxt/module-builder": "^1.0.2",
        "@nuxt/test-utils": "^4.0.0",
        "@release-it/conventional-changelog": "^10.0.5",
        "@tanstack/table-core": "^8.21.3",
        "@vitejs/plugin-vue": "^6.0.4",
        "@vue/test-utils": "^2.4.6",
        "ai": "^6.0.97",
        "embla-carousel": "^8.6.0",
        "eslint": "^10.0.1",
        "happy-dom": "^20.7.0",
        "nuxt": "^4.3.1",
        "release-it": "^19.2.4",
        "unbuild": "^3.6.1",
        "vitest": "^4.0.18",
        "vitest-axe": "^0.1.0",
        "vitest-environment-nuxt": "^1.0.1",
        "vue": "^3.5.28",
        "vue-tsc": "^3.2.5"
      },
      "engines": {
        "node": "^20.19.0 || >=22.12.0"
      },
      "peerDependencies": {
        "@inertiajs/vue3": "^2.0.7",
        "@nuxt/content": "^3.0.0",
        "joi": "^18.0.0",
        "superstruct": "^2.0.0",
        "tailwindcss": "^4.0.0",
        "typescript": "^5.9.3",
        "valibot": "^1.0.0",
        "vue-router": "^4.5.0",
        "yup": "^1.7.0",
        "zod": "^3.24.0 || ^4.0.0"
      },
      "peerDependenciesMeta": {
        "@inertiajs/vue3": {
          "optional": true
        },
        "@nuxt/content": {
          "optional": true
        },
        "joi": {
          "optional": true
        },
        "superstruct": {
          "optional": true
        },
        "valibot": {
          "optional": true
        },
        "vue-router": {
          "optional": true
        },
        "yup": {
          "optional": true
        },
        "zod": {
          "optional": true
        }
      }
    },
    "../../node_modules/.pnpm/@unocss+nuxt@66.6.0_magicas_93cf5e32fd256fb2bcb425a01b30258a/node_modules/@unocss/nuxt": {
      "version": "66.6.0",
      "license": "MIT",
      "dependencies": {
        "@nuxt/kit": "^4.2.2",
        "@unocss/config": "66.6.0",
        "@unocss/core": "66.6.0",
        "@unocss/preset-attributify": "66.6.0",
        "@unocss/preset-icons": "66.6.0",
        "@unocss/preset-tagify": "66.6.0",
        "@unocss/preset-typography": "66.6.0",
        "@unocss/preset-web-fonts": "66.6.0",
        "@unocss/preset-wind3": "66.6.0",
        "@unocss/preset-wind4": "66.6.0",
        "@unocss/reset": "66.6.0",
        "@unocss/vite": "66.6.0",
        "@unocss/webpack": "66.6.0",
        "unocss": "66.6.0"
      },
      "funding": {
        "url": "https://github.com/sponsors/antfu"
      }
    },
    "../../node_modules/.pnpm/@vue-flow+background@1.3.2__5b6f7f4e5dd5f4d1bfcae040163d0d32/node_modules/@vue-flow/background": {
      "version": "1.3.2",
      "license": "MIT",
      "devDependencies": {
        "@tooling/eslint-config": "0.0.0",
        "@tooling/tsconfig": "0.0.0",
        "@tooling/vite-config": "0.0.0",
        "@vue-flow/core": "1.41.5",
        "vue-tsc": "^1.8.16"
      },
      "peerDependencies": {
        "@vue-flow/core": "^1.23.0",
        "vue": "^3.3.0"
      }
    },
    "../../node_modules/.pnpm/@vue-flow+core@1.48.2_vue@3.5.28_typescript@5.9.3_/node_modules/@vue-flow/core": {
      "version": "1.48.2",
      "license": "MIT",
      "dependencies": {
        "@vueuse/core": "^10.5.0",
        "d3-drag": "^3.0.0",
        "d3-interpolate": "^3.0.1",
        "d3-selection": "^3.0.0",
        "d3-zoom": "^3.0.0"
      },
      "devDependencies": {
        "@rollup/plugin-replace": "^5.0.3",
        "@tooling/eslint-config": "0.0.0",
        "@tooling/tsconfig": "0.0.0",
        "@types/d3-drag": "^3.0.7",
        "@types/d3-interpolate": "^3.0.4",
        "@types/d3-selection": "^3.0.11",
        "@types/d3-transition": "^3.0.9",
        "@types/d3-zoom": "^3.0.8",
        "@vitejs/plugin-vue": "^4.4.0",
        "autoprefixer": "^10.4.16",
        "postcss": "^8.4.31",
        "postcss-cli": "^10.1.0",
        "postcss-nested": "^6.0.1",
        "vite": "^4.4.11",
        "vue-tsc": "^1.8.16"
      },
      "peerDependencies": {
        "vue": "^3.3.0"
      }
    },
    "../../node_modules/.pnpm/dagre@0.8.5/node_modules/dagre": {
      "version": "0.8.5",
      "extraneous": true,
      "license": "MIT",
      "dependencies": {
        "graphlib": "^2.1.8",
        "lodash": "^4.17.15"
      },
      "devDependencies": {
        "benchmark": "^2.1.4",
        "browserify": "^16.2.3",
        "chai": "^4.1.2",
        "eslint": "^5.13.0",
        "istanbul": "^0.4.5",
        "jshint": "^2.9.5",
        "jshint-stylish": "^2.2.1",
        "karma": "^4.1.0",
        "karma-chrome-launcher": "^2.2.0",
        "karma-firefox-launcher": "^1.1.0",
        "karma-mocha": "^1.3.0",
        "karma-phantomjs-launcher": "^1.0.4",
        "karma-requirejs": "^1.1.0",
        "karma-safari-launcher": "^1.0.0",
        "mocha": "^6.1.4",
        "phantomjs-prebuilt": "^2.1.16",
        "requirejs": "^2.3.5",
        "semver": "^5.4.1",
        "sprintf": "^0.1.5",
        "uglify-js": "^3.3.4"
      }
    },
    "../../node_modules/.pnpm/elkjs@0.9.3/node_modules/elkjs": {
      "version": "0.9.3",
      "license": "EPL-2.0",
      "devDependencies": {
        "babel-cli": "^6.26.0",
        "babel-preset-env": "^1.6.0",
        "browserify": "^14.4.0",
        "chai": "^4.0.2",
        "chai-as-promised": "^7.1.1",
        "mkdirp": "^0.5.0",
        "mocha": "^10.3.0",
        "web-worker": "^1.0.0"
      }
    },
    "../../node_modules/.pnpm/shiki@4.0.0/node_modules/shiki": {
      "version": "4.0.0",
      "license": "MIT",
      "dependencies": {
        "@shikijs/core": "4.0.0",
        "@shikijs/engine-javascript": "4.0.0",
        "@shikijs/engine-oniguruma": "4.0.0",
        "@shikijs/langs": "4.0.0",
        "@shikijs/themes": "4.0.0",
        "@shikijs/types": "4.0.0",
        "@shikijs/vscode-textmate": "^10.0.2",
        "@types/hast": "^3.0.4"
      },
      "devDependencies": {
        "rollup-plugin-copy": "^3.5.0",
        "tm-grammars": "^1.31.0",
        "tm-themes": "^1.12.0",
        "vscode-oniguruma": "1.7.0"
      },
      "engines": {
        "node": ">=20"
      }
    },
    "../../node_modules/.pnpm/unocss@66.6.0_@unocss+webpa_a245fa784e93111ecd94a96c89a834a8/node_modules/unocss": {
      "version": "66.6.0",
      "license": "MIT",
      "dependencies": {
        "@unocss/astro": "66.6.0",
        "@unocss/cli": "66.6.0",
        "@unocss/core": "66.6.0",
        "@unocss/postcss": "66.6.0",
        "@unocss/preset-attributify": "66.6.0",
        "@unocss/preset-icons": "66.6.0",
        "@unocss/preset-mini": "66.6.0",
        "@unocss/preset-tagify": "66.6.0",
        "@unocss/preset-typography": "66.6.0",
        "@unocss/preset-uno": "66.6.0",
        "@unocss/preset-web-fonts": "66.6.0",
        "@unocss/preset-wind": "66.6.0",
        "@unocss/preset-wind3": "66.6.0",
        "@unocss/preset-wind4": "66.6.0",
        "@unocss/transformer-attributify-jsx": "66.6.0",
        "@unocss/transformer-compile-class": "66.6.0",
        "@unocss/transformer-directives": "66.6.0",
        "@unocss/transformer-variant-group": "66.6.0",
        "@unocss/vite": "66.6.0"
      },
      "devDependencies": {
        "@unocss/webpack": "66.6.0",
        "vite": "^7.3.1"
      },
      "engines": {
        "node": ">=14"
      },
      "funding": {
        "url": "https://github.com/sponsors/antfu"
      },
      "peerDependencies": {
        "@unocss/webpack": "66.6.0",
        "vite": "^2.9.0 || ^3.0.0-0 || ^4.0.0 || ^5.0.0-0 || ^6.0.0-0 || ^7.0.0-0 || ^8.0.0-0"
      },
      "peerDependenciesMeta": {
        "@unocss/webpack": {
          "optional": true
        },
        "vite": {
          "optional": true
        }
      }
    },
    "node_modules/@nuxt/devtools-ui-kit": {
      "resolved": "../../node_modules/.pnpm/@nuxt+devtools-ui-kit@3.2.1_25bdf97aa68c98e64fa567386253b6c7/node_modules/@nuxt/devtools-ui-kit",
      "link": true
    },
    "node_modules/@nuxt/ui": {
      "resolved": "../../node_modules/.pnpm/@nuxt+ui@4.5.0_@nuxt+conten_e284d2a8ae905811b6f6a98cf6778274/node_modules/@nuxt/ui",
      "link": true
    },
    "node_modules/@unocss/nuxt": {
      "resolved": "../../node_modules/.pnpm/@unocss+nuxt@66.6.0_magicas_93cf5e32fd256fb2bcb425a01b30258a/node_modules/@unocss/nuxt",
      "link": true
    },
    "node_modules/@vue-flow/background": {
      "resolved": "../../node_modules/.pnpm/@vue-flow+background@1.3.2__5b6f7f4e5dd5f4d1bfcae040163d0d32/node_modules/@vue-flow/background",
      "link": true
    },
    "node_modules/@vue-flow/core": {
      "resolved": "../../node_modules/.pnpm/@vue-flow+core@1.48.2_vue@3.5.28_typescript@5.9.3_/node_modules/@vue-flow/core",
      "link": true
    },
    "node_modules/elkjs": {
      "resolved": "../../node_modules/.pnpm/elkjs@0.9.3/node_modules/elkjs",
      "link": true
    },
    "node_modules/shiki": {
      "resolved": "../../node_modules/.pnpm/shiki@4.0.0/node_modules/shiki",
      "link": true
    },
    "node_modules/unocss": {
      "resolved": "../../node_modules/.pnpm/unocss@66.6.0_@unocss+webpa_a245fa784e93111ecd94a96c89a834a8/node_modules/unocss",
      "link": true
    }
  }
}
